
Microsoft Visual Studio Solution File, Format Version 12.00
# Visual Studio Version 17
VisualStudioVersion = 17.1.32228.430
MinimumVisualStudioVersion = 10.0.40219.1
Project("{FAE04EC0-301F-11D3-BF4B-00C04F79EFBC}") = "modul5_1302200039", "modul5_1302200039\modul5_1302200039.csproj", "{558C7760-64DD-4123-8197-DCE81D8E4965}"
EndProject
Global
	GlobalSection(SolutionConfigurationPlatforms) = preSolution
		Debug|Any CPU = Debug|Any CPU
		Release|Any CPU = Release|Any CPU
	EndGlobalSection
	GlobalSection(ProjectConfigurationPlatforms) = postSolution
		{558C7760-64DD-4123-8197-DCE81D8E4965}.Debug|Any CPU.ActiveCfg = Debug|Any CPU
		{558C7760-64DD-4123-8197-DCE81D8E4965}.Debug|Any CPU.Build.0 = Debug|Any CPU
		{558C7760-64DD-4123-8197-DCE81D8E4965}.Release|Any CPU.ActiveCfg = Release|Any CPU
		{558C7760-64DD-4123-8197-DCE81D8E4965}.Release|Any CPU.Build.0 = Release|Any CPU
	EndGlobalSection
	GlobalSection(SolutionProperties) = preSolution
		HideSolutionNode = FALSE
	EndGlobalSection
	GlobalSection(ExtensibilityGlobals) = postSolution
		SolutionGuid = {AA714D4E-BD05-49A2-8F99-2697EA1468B5}
	EndGlobalSection
EndGlobal
